версия_формата = 1
[[пакеты]]
имя = "быстряга"
источник = "https://github.com/Garius6/bystryaga"
разрешённая_версия = "v0.1.0"
коммит = "cfaa9c86d5f4a7eea851bc63b28a6e222b831ac7"
зависит_от = []
[[пакеты]]
имя = "марьяшка"
источник = "https://github.com/Garius6/maryashka"
разрешённая_версия = "v0.1.2"
коммит = "1534b0f35897bb2318398754bf5be94b851f0c6e"
зависит_от = []
